// !$*UTF8*$!
{
	archiveVersion = 1;
	classes = {
	};
	objectVersion = 46;
	objects = {

/* Begin PBXBuildFile section */
		FCC58DE01BC99070008C7C2F /* AppDelegate.swift in Sources */ = {isa = PBXBuildFile; fileRef = FCC58DDF1BC99070008C7C2F /* AppDelegate.swift */; };
		FCC58DE21BC99070008C7C2F /* ViewController.swift in Sources */ = {isa = PBXBuildFile; fileRef = FCC58DE11BC99070008C7C2F /* ViewController.swift */; };
		FCC58DE51BC99071008C7C2F /* Main.storyboard in Resources */ = {isa = PBXBuildFile; fileRef = FCC58DE31BC99071008C7C2F /* Main.storyboard */; };
		FCC58DE71BC99071008C7C2F /* Images.xcassets in Resources */ = {isa = PBXBuildFile; fileRef = FCC58DE61BC99071008C7C2F /* Images.xcassets */; };
		FCC58DEA1BC99071008C7C2F /* LaunchScreen.xib in Resources */ = {isa = PBXBuildFile; fileRef = FCC58DE81BC99071008C7C2F /* LaunchScreen.xib */; };
		FCC58DF61BC99071008C7C2F /* TroGrubTests.swift in Sources */ = {isa = PBXBuildFile; fileRef = FCC58DF51BC99071008C7C2F /* TroGrubTests.swift */; };
/* End PBXBuildFile section */

/* Begin PBXContainerItemProxy section */
		FCC58DF01BC99071008C7C2F /* PBXContainerItemProxy */ = {
			isa = PBXContainerItemProxy;
			containerPortal = FCC58DD21BC99070008C7C2F /* Project object */;
			proxyType = 1;
			remoteGlobalIDString = FCC58DD91BC99070008C7C2F;
			remoteInfo = TroGrub;
		};
/* End PBXContainerItemProxy section */

/* Begin PBXFileReference section */
		FCC58DDA1BC99070008C7C2F /* TroGrub.app */ = {isa = PBXFileReference; explicitFileType = wrapper.application; includeInIndex = 0; path = TroGrub.app; sourceTree = BUILT_PRODUCTS_DIR; };
		FCC58DDE1BC99070008C7C2F /* Info.plist */ = {isa = PBXFileReference; lastKnownFileType = text.plist.xml; path = Info.plist; sourceTree = "<group>"; };
		FCC58DDF1BC99070008C7C2F /* AppDelegate.swift */ = {isa = PBXFileReference; lastKnownFileType = sourcecode.swift; path = AppDelegate.swift; sourceTree = "<group>"; };
		FCC58DE11BC99070008C7C2F /* ViewController.swift */ = {isa = PBXFileReference; lastKnownFileType = sourcecode.swift; path = ViewController.swift; sourceTree = "<group>"; };
		FCC58DE41BC99071008C7C2F /* Base */ = {isa = PBXFileReference; lastKnownFileType = file.storyboard; name = Base; path = Base.lproj/Main.storyboard; sourceTree = "<group>"; };
		FCC58DE61BC99071008C7C2F /* Images.xcassets */ = {isa = PBXFileReference; lastKnownFileType = folder.assetcatalog; path = Images.xcassets; sourceTree = "<group>"; };
		FCC58DE91BC99071008C7C2F /* Base */ = {isa = PBXFileReference; lastKnownFileType = file.xib; name = Base; path = Base.lproj/LaunchScreen.xib; sourceTree = "<group>"; };
		FCC58DEF1BC99071008C7C2F /* TroGrubTests.xctest */ = {isa = PBXFileReference; explicitFileType = wrapper.cfbundle; includeInIndex = 0; path = TroGrubTests.xctest; sourceTree = BUILT_PRODUCTS_DIR; };
		FCC58DF41BC99071008C7C2F /* Info.plist */ = {isa = PBXFileReference; lastKnownFileType = text.plist.xml; path = Info.plist; sourceTree = "<group>"; };
		FCC58DF51BC99071008C7C2F /* TroGrubTests.swift */ = {isa = PBXFileReference; lastKnownFileType = sourcecode.swift; path = TroGrubTests.swift; sourceTree = "<group>"; };
/* End PBXFileReference section */

/* Begin PBXFrameworksBuildPhase section */
		FCC58DD71BC99070008C7C2F /* Frameworks */ = {
			isa = PBXFrameworksBuildPhase;
			buildActionMask = 2147483647;
			files = (
			);
			runOnlyForDeploymentPostprocessing = 0;
		};
		FCC58DEC1BC99071008C7C2F /* Frameworks */ = {
			isa = PBXFrameworksBuildPhase;
			buildActionMask = 2147483647;
			files = (
			);
			runOnlyForDeploymentPostprocessing = 0;
		};
/* End PBXFrameworksBuildPhase section */

/* Begin PBXGroup section */
		FCC58DD11BC99070008C7C2F = {
			isa = PBXGroup;
			children = (
				FCC58DDC1BC99070008C7C2F /* TroGrub */,
				FCC58DF21BC99071008C7C2F /* TroGrubTests */,
				FCC58DDB1BC99070008C7C2F /* Products */,
			);
			sourceTree = "<group>";
		};
		FCC58DDB1BC99070008C7C2F /* Products */ = {
			isa = PBXGroup;
			children = (
				FCC58DDA1BC99070008C7C2F /* TroGrub.app */,
				FCC58DEF1BC99071008C7C2F /* TroGrubTests.xctest */,
			);
			name = Products;
			sourceTree = "<group>";
		};
		FCC58DDC1BC99070008C7C2F /* TroGrub */ = {
			isa = PBXGroup;
			children = (
				FCC58DDF1BC99070008C7C2F /* AppDelegate.swift */,
				FCC58DE11BC99070008C7C2F /* ViewController.swift */,
				FCC58DE31BC99071008C7C2F /* Main.storyboard */,
				FCC58DE61BC99071008C7C2F /* Images.xcassets */,
				FCC58DE81BC99071008C7C2F /* LaunchScreen.xib */,
				FCC58DDD1BC99070008C7C2F /* Supporting Files */,
			);
			path = TroGrub;
			sourceTree = "<group>";
		};
		FCC58DDD1BC99070008C7C2F /* Supporting Files */ = {
			isa = PBXGroup;
			children = (
				FCC58DDE1BC99070008C7C2F /* Info.plist */,
			);
			name = "Supporting Files";
			sourceTree = "<group>";
		};
		FCC58DF21BC99071008C7C2F /* TroGrubTests */ = {
			isa = PBXGroup;
			children = (
				FCC58DF51BC99071008C7C2F /* TroGrubTests.swift */,
				FCC58DF31BC99071008C7C2F /* Supporting Files */,
			);
			path = TroGrubTests;
			sourceTree = "<group>";
		};
		FCC58DF31BC99071008C7C2F /* Supporting Files */ = {
			isa = PBXGroup;
			children = (
				FCC58DF41BC99071008C7C2F /* Info.plist */,
			);
			name = "Supporting Files";
			sourceTree = "<group>";
		};
/* End PBXGroup section */

/* Begin PBXNativeTarget section */
		FCC58DD91BC99070008C7C2F /* TroGrub */ = {
			isa = PBXNativeTarget;
			buildConfigurationList = FCC58DF91BC99071008C7C2F /* Build configuration list for PBXNativeTarget "TroGrub" */;
			buildPhases = (
				FCC58DD61BC99070008C7C2F /* Sources */,
				FCC58DD71BC99070008C7C2F /* Frameworks */,
				FCC58DD81BC99070008C7C2F /* Resources */,
			);
			buildRules = (
			);
			dependencies = (
			);
			name = TroGrub;
			productName = TroGrub;
			productReference = FCC58DDA1BC99070008C7C2F /* TroGrub.app */;
			productType = "com.apple.product-type.application";
		};
		FCC58DEE1BC99071008C7C2F /* TroGrubTests */ = {
			isa = PBXNativeTarget;
			buildConfigurationList = FCC58DFC1BC99071008C7C2F /* Build configuration list for PBXNativeTarget "TroGrubTests" */;
			buildPhases = (
				FCC58DEB1BC99071008C7C2F /* Sources */,
				FCC58DEC1BC99071008C7C2F /* Frameworks */,
				FCC58DED1BC99071008C7C2F /* Resources */,
			);
			buildRules = (
			);
			dependencies = (
				FCC58DF11BC99071008C7C2F /* PBXTargetDependency */,
			);
			name = TroGrubTests;
			productName = TroGrubTests;
			productReference = FCC58DEF1BC99071008C7C2F /* TroGrubTests.xctest */;
			productType = "com.apple.product-type.bundle.unit-test";
		};
/* End PBXNativeTarget section */

/* Begin PBXProject section */
		FCC58DD21BC99070008C7C2F /* Project object */ = {
			isa = PBXProject;
			attributes = {
				LastUpgradeCheck = 0640;
				ORGANIZATIONNAME = "Christopher Ho";
				TargetAttributes = {
					FCC58DD91BC99070008C7C2F = {
						CreatedOnToolsVersion = 6.4;
					};
					FCC58DEE1BC99071008C7C2F = {
						CreatedOnToolsVersion = 6.4;
						TestTargetID = FCC58DD91BC99070008C7C2F;
					};
				};
			};
			buildConfigurationList = FCC58DD51BC99070008C7C2F /* Build configuration list for PBXProject "TroGrub" */;
			compatibilityVersion = "Xcode 3.2";
			developmentRegion = English;
			hasScannedForEncodings = 0;
			knownRegions = (
				en,
				Base,
			);
			mainGroup = FCC58DD11BC99070008C7C2F;
			productRefGroup = FCC58DDB1BC99070008C7C2F /* Products */;
			projectDirPath = "";
			projectRoot = "";
			targets = (
				FCC58DD91BC99070008C7C2F /* TroGrub */,
				FCC58DEE1BC99071008C7C2F /* TroGrubTests */,
			);
		};
/* End PBXProject section */

/* Begin PBXResourcesBuildPhase section */
		FCC58DD81BC99070008C7C2F /* Resources */ = {
			isa = PBXResourcesBuildPhase;
			buildActionMask = 2147483647;
			files = (
				FCC58DE51BC99071008C7C2F /* Main.storyboard in Resources */,
				FCC58DEA1BC99071008C7C2F /* LaunchScreen.xib in Resources */,
				FCC58DE71BC99071008C7C2F /* Images.xcassets in Resources */,
			);
			runOnlyForDeploymentPostprocessing = 0;
		};
		FCC58DED1BC99071008C7C2F /* Resources */ = {
			isa = PBXResourcesBuildPhase;
			buildActionMask = 2147483647;
			files = (
			);
			runOnlyForDeploymentPostprocessing = 0;
		};
/* End PBXResourcesBuildPhase section */

/* Begin PBXSourcesBuildPhase section */
		FCC58DD61BC99070008C7C2F /* Sources */ = {
			isa = PBXSourcesBuildPhase;
			buildActionMask = 2147483647;
			files = (
				FCC58DE21BC99070008C7C2F /* ViewController.swift in Sources */,
				FCC58DE01BC99070008C7C2F /* AppDelegate.swift in Sources */,
			);
			runOnlyForDeploymentPostprocessing = 0;
		};
		FCC58DEB1BC99071008C7C2F /* Sources */ = {
			isa = PBXSourcesBuildPhase;
			buildActionMask = 2147483647;
			files = (
				FCC58DF61BC99071008C7C2F /* TroGrubTests.swift in Sources */,
			);
			runOnlyForDeploymentPostprocessing = 0;
		};
/* End PBXSourcesBuildPhase section */

/* Begin PBXTargetDependency section */
		FCC58DF11BC99071008C7C2F /* PBXTargetDependency */ = {
			isa = PBXTargetDependency;
			target = FCC58DD91BC99070008C7C2F /* TroGrub */;
			targetProxy = FCC58DF01BC99071008C7C2F /* PBXContainerItemProxy */;
		};
/* End PBXTargetDependency section */

/* Begin PBXVariantGroup section */
		FCC58DE31BC99071008C7C2F /* Main.storyboard */ = {
			isa = PBXVariantGroup;
			children = (
				FCC58DE41BC99071008C7C2F /* Base */,
			);
			name = Main.storyboard;
			sourceTree = "<group>";
		};
		FCC58DE81BC99071008C7C2F /* LaunchScreen.xib */ = {
			isa = PBXVariantGroup;
			children = (
				FCC58DE91BC99071008C7C2F /* Base */,
			);
			name = LaunchScreen.xib;
			sourceTree = "<group>";
		};
/* End PBXVariantGroup section */

/* Begin XCBuildConfiguration section */
		FCC58DF71BC99071008C7C2F /* Debug */ = {
			isa = XCBuildConfiguration;
			buildSettings = {
				ALWAYS_SEARCH_USER_PATHS = NO;
				CLANG_CXX_LANGUAGE_STANDARD = "gnu++0x";
				CLANG_CXX_LIBRARY = "libc++";
				CLANG_ENABLE_MODULES = YES;
				CLANG_ENABLE_OBJC_ARC = YES;
				CLANG_WARN_BOOL_CONVERSION = YES;
				CLANG_WARN_CONSTANT_CONVERSION = YES;
				CLANG_WARN_DIRECT_OBJC_ISA_USAGE = YES_ERROR;
				CLANG_WARN_EMPTY_BODY = YES;
				CLANG_WARN_ENUM_CONVERSION = YES;
				CLANG_WARN_INT_CONVERSION = YES;
				CLANG_WARN_OBJC_ROOT_CLASS = YES_ERROR;
				CLANG_WARN_UNREACHABLE_CODE = YES;
				CLANG_WARN__DUPLICATE_METHOD_MATCH = YES;
				"CODE_SIGN_IDENTITY[sdk=iphoneos*]" = "iPhone Developer";
				COPY_PHASE_STRIP = NO;
				DEBUG_INFORMATION_FORMAT = "dwarf-with-dsym";
				ENABLE_STRICT_OBJC_MSGSEND = YES;
				GCC_C_LANGUAGE_STANDARD = gnu99;
				GCC_DYNAMIC_NO_PIC = NO;
				GCC_NO_COMMON_BLOCKS = YES;
				GCC_OPTIMIZATION_LEVEL = 0;
				GCC_PREPROCESSOR_DEFINITIONS = (
					"DEBUG=1",
					"$(inherited)",
				);
				GCC_SYMBOLS_PRIVATE_EXTERN = NO;
				GCC_WARN_64_TO_32_BIT_CONVERSION = YES;
				GCC_WARN_ABOUT_RETURN_TYPE = YES_ERROR;
				GCC_WARN_UNDECLARED_SELECTOR = YES;
				GCC_WARN_UNINITIALIZED_AUTOS = YES_AGGRESSIVE;
				GCC_WARN_UNUSED_FUNCTION = YES;
				GCC_WARN_UNUSED_VARIABLE = YES;
				IPHONEOS_DEPLOYMENT_TARGET = 8.4;
				MTL_ENABLE_DEBUG_INFO = YES;
				ONLY_ACTIVE_ARCH = YES;
				SDKROOT = iphoneos;
				SWIFT_OPTIMIZATION_LEVEL = "-Onone";
				TARGETED_DEVICE_FAMILY = "1,2";
			};
			name = Debug;
		};
		FCC58DF81BC99071008C7C2F /* Release */ = {
			isa = XCBuildConfiguration;
			buildSettings = {
				ALWAYS_SEARCH_USER_PATHS = NO;
				CLANG_CXX_LANGUAGE_STANDARD = "gnu++0x";
				CLANG_CXX_LIBRARY = "libc++";
				CLANG_ENABLE_MODULES = YES;
				CLANG_ENABLE_OBJC_ARC = YES;
				CLANG_WARN_BOOL_CONVERSION = YES;
				CLANG_WARN_CONSTANT_CONVERSION = YES;
				CLANG_WARN_DIRECT_OBJC_ISA_USAGE = YES_ERROR;
				CLANG_WARN_EMPTY_BODY = YES;
				CLANG_WARN_ENUM_CONVERSION = YES;
				CLANG_WARN_INT_CONVERSION = YES;
				CLANG_WARN_OBJC_ROOT_CLASS = YES_ERROR;
				CLANG_WARN_UNREACHABLE_CODE = YES;
				CLANG_WARN__DUPLICATE_METHOD_MATCH = YES;
				"CODE_SIGN_IDENTITY[sdk=iphoneos*]" = "iPhone Developer";
				COPY_PHASE_STRIP = NO;
				DEBUG_INFORMATION_FORMAT = "dwarf-with-dsym";
				ENABLE_NS_ASSERTIONS = NO;
				ENABLE_STRICT_OBJC_MSGSEND = YES;
				GCC_C_LANGUAGE_STANDARD = gnu99;
				GCC_NO_COMMON_BLOCKS = YES;
				GCC_WARN_64_TO_32_BIT_CONVERSION = YES;
				GCC_WARN_ABOUT_RETURN_TYPE = YES_ERROR;
				GCC_WARN_UNDECLARED_SELECTOR = YES;
				GCC_WARN_UNINITIALIZED_AUTOS = YES_AGGRESSIVE;
				GCC_WARN_UNUSED_FUNCTION = YES;
				GCC_WARN_UNUSED_VARIABLE = YES;
				IPHONEOS_DEPLOYMENT_TARGET = 8.4;
				MTL_ENABLE_DEBUG_INFO = NO;
				SDKROOT = iphoneos;
				TARGETED_DEVICE_FAMILY = "1,2";
				VALIDATE_PRODUCT = YES;
			};
			name = Release;
		};
		FCC58DFA1BC99071008C7C2F /* Debug */ = {
			isa = XCBuildConfiguration;
			buildSettings = {
				ASSETCATALOG_COMPILER_APPICON_NAME = AppIcon;
				INFOPLIST_FILE = TroGrub/Info.plist;
				LD_RUNPATH_SEARCH_PATHS = "$(inherited) @executable_path/Frameworks";
				PRODUCT_NAME = "$(TARGET_NAME)";
			};
			name = Debug;
		};
		FCC58DFB1BC99071008C7C2F /* Release */ = {
			isa = XCBuildConfiguration;
			buildSettings = {
				ASSETCATALOG_COMPILER_APPICON_NAME = AppIcon;
				INFOPLIST_FILE = TroGrub/Info.plist;
				LD_RUNPATH_SEARCH_PATHS = "$(inherited) @executable_path/Frameworks";
				PRODUCT_NAME = "$(TARGET_NAME)";
			};
			name = Release;
		};
		FCC58DFD1BC99071008C7C2F /* Debug */ = {
			isa = XCBuildConfiguration;
			buildSettings = {
				BUNDLE_LOADER = "$(TEST_HOST)";
				FRAMEWORK_SEARCH_PATHS = (
					"$(SDKROOT)/Developer/Library/Frameworks",
					"$(inherited)",
				);
				GCC_PREPROCESSOR_DEFINITIONS = (
					"DEBUG=1",
					"$(inherited)",
				);
				INFOPLIST_FILE = TroGrubTests/Info.plist;
				LD_RUNPATH_SEARCH_PATHS = "$(inherited) @executable_path/Frameworks @loader_path/Frameworks";
				PRODUCT_NAME = "$(TARGET_NAME)";
				TEST_HOST = "$(BUILT_PRODUCTS_DIR)/TroGrub.app/TroGrub";
			};
			name = Debug;
		};
		FCC58DFE1BC99071008C7C2F /* Release */ = {
			isa = XCBuildConfiguration;
			buildSettings = {
				BUNDLE_LOADER = "$(TEST_HOST)";
				FRAMEWORK_SEARCH_PATHS = (
					"$(SDKROOT)/Developer/Library/Frameworks",
					"$(inherited)",
				);
				INFOPLIST_FILE = TroGrubTests/Info.plist;
				LD_RUNPATH_SEARCH_PATHS = "$(inherited) @executable_path/Frameworks @loader_path/Frameworks";
				PRODUCT_NAME = "$(TARGET_NAME)";
				TEST_HOST = "$(BUILT_PRODUCTS_DIR)/TroGrub.app/TroGrub";
			};
			name = Release;
		};
/* End XCBuildConfiguration section */

/* Begin XCConfigurationList section */
		FCC58DD51BC99070008C7C2F /* Build configuration list for PBXProject "TroGrub" */ = {
			isa = XCConfigurationList;
			buildConfigurations = (
				FCC58DF71BC99071008C7C2F /* Debug */,
				FCC58DF81BC99071008C7C2F /* Release */,
			);
			defaultConfigurationIsVisible = 0;
			defaultConfigurationName = Release;
		};
		FCC58DF91BC99071008C7C2F /* Build configuration list for PBXNativeTarget "TroGrub" */ = {
			isa = XCConfigurationList;
			buildConfigurations = (
				FCC58DFA1BC99071008C7C2F /* Debug */,
				FCC58DFB1BC99071008C7C2F /* Release */,
			);
			defaultConfigurationIsVisible = 0;
		};
		FCC58DFC1BC99071008C7C2F /* Build configuration list for PBXNativeTarget "TroGrubTests" */ = {
			isa = XCConfigurationList;
			buildConfigurations = (
				FCC58DFD1BC99071008C7C2F /* Debug */,
				FCC58DFE1BC99071008C7C2F /* Release */,
			);
			defaultConfigurationIsVisible = 0;
		};
/* End XCConfigurationList section */
	};
	rootObject = FCC58DD21BC99070008C7C2F /* Project object */;
}
